PODS:
  - GCMCocoaExtensions (0.2.2)
  - Kiwi (2.2.3):
    - Kiwi/SenTestingKit
  - Kiwi/ARC (2.2.3)
  - Kiwi/NonARC (2.2.3)
  - Kiwi/SenTestingKit (2.2.3):
    - Kiwi/ARC
    - Kiwi/NonARC

DEPENDENCIES:
  - GCMCocoaExtensions (~> 0.2.0)
  - Kiwi (= 2.2.3)

SPEC CHECKSUMS:
  GCMCocoaExtensions: 88a712932970575d6b35b6c32dccd4eea409ebb3
  Kiwi: 04c51e880831d291748ec702d42c4101f7eb95c9

COCOAPODS: 0.29.0
